
Microsoft Visual Studio Solution File, Format Version 12.00
# Visual Studio Version 17
VisualStudioVersion = 17.0.31919.166
MinimumVisualStudioVersion = 10.0.40219.1
Project("{FAE04EC0-301F-11D3-BF4B-00C04F79EFBC}") = "AmazingMaze", "AmazingMaze\AmazingMaze.csproj", "{029BA3C1-7DA0-4458-97EF-7A7F9F6C0F79}"
EndProject
Project("{FAE04EC0-301F-11D3-BF4B-00C04F79EFBC}") = "AmazingMaze.Test", "AmazingMaze.Test\AmazingMaze.Test.csproj", "{B968412A-3A39-4165-8AD8-E01DC3262CE1}"
EndProject
Global
	GlobalSection(SolutionConfigurationPlatforms) = preSolution
		Debug|Any CPU = Debug|Any CPU
		Release|Any CPU = Release|Any CPU
	EndGlobalSection
	GlobalSection(ProjectConfigurationPlatforms) = postSolution
		{029BA3C1-7DA0-4458-97EF-7A7F9F6C0F79}.Debug|Any CPU.ActiveCfg = Debug|Any CPU
		{029BA3C1-7DA0-4458-97EF-7A7F9F6C0F79}.Debug|Any CPU.Build.0 = Debug|Any CPU
		{029BA3C1-7DA0-4458-97EF-7A7F9F6C0F79}.Release|Any CPU.ActiveCfg = Release|Any CPU
		{029BA3C1-7DA0-4458-97EF-7A7F9F6C0F79}.Release|Any CPU.Build.0 = Release|Any CPU
		{B968412A-3A39-4165-8AD8-E01DC3262CE1}.Debug|Any CPU.ActiveCfg = Debug|Any CPU
		{B968412A-3A39-4165-8AD8-E01DC3262CE1}.Debug|Any CPU.Build.0 = Debug|Any CPU
		{B968412A-3A39-4165-8AD8-E01DC3262CE1}.Release|Any CPU.ActiveCfg = Release|Any CPU
		{B968412A-3A39-4165-8AD8-E01DC3262CE1}.Release|Any CPU.Build.0 = Release|Any CPU
	EndGlobalSection
	GlobalSection(SolutionProperties) = preSolution
		HideSolutionNode = FALSE
	EndGlobalSection
	GlobalSection(ExtensibilityGlobals) = postSolution
		SolutionGuid = {AD59934A-DA81-4A95-A25A-1A38F3536EE0}
	EndGlobalSection
EndGlobal
